
Microsoft Visual Studio Solution File, Format Version 12.00
# Visual Studio Version 16
VisualStudioVersion = 16.0.29326.143
MinimumVisualStudioVersion = 10.0.40219.1
Project("{FAE04EC0-301F-11D3-BF4B-00C04F79EFBC}") = "Excersize4", "Excersize4\Excersize4.csproj", "{D6617F7B-BCB4-49EF-BB2B-B1060FF1937A}"
EndProject
Global
	GlobalSection(SolutionConfigurationPlatforms) = preSolution
		Debug|Any CPU = Debug|Any CPU
		Release|Any CPU = Release|Any CPU
	EndGlobalSection
	GlobalSection(ProjectConfigurationPlatforms) = postSolution
		{D6617F7B-BCB4-49EF-BB2B-B1060FF1937A}.Debug|Any CPU.ActiveCfg = Debug|Any CPU
		{D6617F7B-BCB4-49EF-BB2B-B1060FF1937A}.Debug|Any CPU.Build.0 = Debug|Any CPU
		{D6617F7B-BCB4-49EF-BB2B-B1060FF1937A}.Release|Any CPU.ActiveCfg = Release|Any CPU
		{D6617F7B-BCB4-49EF-BB2B-B1060FF1937A}.Release|Any CPU.Build.0 = Release|Any CPU
	EndGlobalSection
	GlobalSection(SolutionProperties) = preSolution
		HideSolutionNode = FALSE
	EndGlobalSection
	GlobalSection(ExtensibilityGlobals) = postSolution
		SolutionGuid = {EE597725-8B6E-438C-89FB-35B56E02F7DA}
	EndGlobalSection
EndGlobal
